
Microsoft Visual Studio Solution File, Format Version 12.00
# Visual Studio 14
VisualStudioVersion = 14.0.25123.0
MinimumVisualStudioVersion = 10.0.40219.1
Project("{FAE04EC0-301F-11D3-BF4B-00C04F79EFBC}") = "FinalExercises", "FinalExercises\FinalExercises.csproj", "{337C60FB-2FF3-4353-BF36-83195746CEBD}"
EndProject
Project("{FAE04EC0-301F-11D3-BF4B-00C04F79EFBC}") = "FinalExercisesTests", "FinalExercisesTests\FinalExercisesTests.csproj", "{B3E09403-C4B1-4AB3-B615-DFE000E8F324}"
EndProject
Global
	GlobalSection(SolutionConfigurationPlatforms) = preSolution
		Debug|Any CPU = Debug|Any CPU
		Release|Any CPU = Release|Any CPU
	EndGlobalSection
	GlobalSection(ProjectConfigurationPlatforms) = postSolution
		{337C60FB-2FF3-4353-BF36-83195746CEBD}.Debug|Any CPU.ActiveCfg = Debug|Any CPU
		{337C60FB-2FF3-4353-BF36-83195746CEBD}.Debug|Any CPU.Build.0 = Debug|Any CPU
		{337C60FB-2FF3-4353-BF36-83195746CEBD}.Release|Any CPU.ActiveCfg = Release|Any CPU
		{337C60FB-2FF3-4353-BF36-83195746CEBD}.Release|Any CPU.Build.0 = Release|Any CPU
		{B3E09403-C4B1-4AB3-B615-DFE000E8F324}.Debug|Any CPU.ActiveCfg = Debug|Any CPU
		{B3E09403-C4B1-4AB3-B615-DFE000E8F324}.Debug|Any CPU.Build.0 = Debug|Any CPU
		{B3E09403-C4B1-4AB3-B615-DFE000E8F324}.Release|Any CPU.ActiveCfg = Release|Any CPU
		{B3E09403-C4B1-4AB3-B615-DFE000E8F324}.Release|Any CPU.Build.0 = Release|Any CPU
	EndGlobalSection
	GlobalSection(SolutionProperties) = preSolution
		HideSolutionNode = FALSE
	EndGlobalSection
EndGlobal
